
Microsoft Visual Studio Solution File, Format Version 12.00
# Visual Studio Version 16
VisualStudioVersion = 16.0.31105.61
MinimumVisualStudioVersion = 10.0.40219.1
Project("{FAE04EC0-301F-11D3-BF4B-00C04F79EFBC}") = "NguyenMaiNghiem_5951071063_B1", "NguyenMaiNghiem_5951071063_B1\NguyenMaiNghiem_5951071063_B1.csproj", "{1DCFF0C9-CB12-4A82-B811-215A70FBBFB7}"
EndProject
Global
	GlobalSection(SolutionConfigurationPlatforms) = preSolution
		Debug|Any CPU = Debug|Any CPU
		Release|Any CPU = Release|Any CPU
	EndGlobalSection
	GlobalSection(ProjectConfigurationPlatforms) = postSolution
		{1DCFF0C9-CB12-4A82-B811-215A70FBBFB7}.Debug|Any CPU.ActiveCfg = Debug|Any CPU
		{1DCFF0C9-CB12-4A82-B811-215A70FBBFB7}.Debug|Any CPU.Build.0 = Debug|Any CPU
		{1DCFF0C9-CB12-4A82-B811-215A70FBBFB7}.Release|Any CPU.ActiveCfg = Release|Any CPU
		{1DCFF0C9-CB12-4A82-B811-215A70FBBFB7}.Release|Any CPU.Build.0 = Release|Any CPU
	EndGlobalSection
	GlobalSection(SolutionProperties) = preSolution
		HideSolutionNode = FALSE
	EndGlobalSection
	GlobalSection(ExtensibilityGlobals) = postSolution
		SolutionGuid = {AFDFE2D0-80F9-45B4-A49D-65070D9E21D0}
	EndGlobalSection
EndGlobal
